
Microsoft Visual Studio Solution File, Format Version 12.00
# Visual Studio 15
VisualStudioVersion = 15.0.27703.2042
MinimumVisualStudioVersion = 10.0.40219.1
Project("{FAE04EC0-301F-11D3-BF4B-00C04F79EFBC}") = "Mongodbapiconnectivity", "Mongodbapiconnectivity\Mongodbapiconnectivity.csproj", "{5CAAF90B-7C1A-4C14-A76F-791DA0847223}"
EndProject
Project("{FAE04EC0-301F-11D3-BF4B-00C04F79EFBC}") = "CrudApi", "CrudApi\CrudApi.csproj", "{B4938F73-EF16-4E56-B84C-82C89B901CEA}"
EndProject
Global
	GlobalSection(SolutionConfigurationPlatforms) = preSolution
		Debug|Any CPU = Debug|Any CPU
		Release|Any CPU = Release|Any CPU
	EndGlobalSection
	GlobalSection(ProjectConfigurationPlatforms) = postSolution
		{5CAAF90B-7C1A-4C14-A76F-791DA0847223}.Debug|Any CPU.ActiveCfg = Debug|Any CPU
		{5CAAF90B-7C1A-4C14-A76F-791DA0847223}.Debug|Any CPU.Build.0 = Debug|Any CPU
		{5CAAF90B-7C1A-4C14-A76F-791DA0847223}.Release|Any CPU.ActiveCfg = Release|Any CPU
		{5CAAF90B-7C1A-4C14-A76F-791DA0847223}.Release|Any CPU.Build.0 = Release|Any CPU
		{B4938F73-EF16-4E56-B84C-82C89B901CEA}.Debug|Any CPU.ActiveCfg = Debug|Any CPU
		{B4938F73-EF16-4E56-B84C-82C89B901CEA}.Debug|Any CPU.Build.0 = Debug|Any CPU
		{B4938F73-EF16-4E56-B84C-82C89B901CEA}.Release|Any CPU.ActiveCfg = Release|Any CPU
		{B4938F73-EF16-4E56-B84C-82C89B901CEA}.Release|Any CPU.Build.0 = Release|Any CPU
	EndGlobalSection
	GlobalSection(SolutionProperties) = preSolution
		HideSolutionNode = FALSE
	EndGlobalSection
	GlobalSection(ExtensibilityGlobals) = postSolution
		SolutionGuid = {FA7A45FF-6B70-42F2-A309-5085ACF2E8C3}
	EndGlobalSection
EndGlobal
